
Microsoft Visual Studio Solution File, Format Version 12.00
# Visual Studio Version 16
VisualStudioVersion = 16.0.31729.503
MinimumVisualStudioVersion = 10.0.40219.1
Project("{00D1A9C2-B5F0-4AF3-8072-F6C62B433612}") = "DB_Make3D_Project", "DB_Make3D_Project\DB_Make3D_Project.sqlproj", "{D7CDC0FD-694D-437A-93B7-FAC135705778}"
EndProject
Project("{9A19103F-16F7-4668-BE54-9A1E7A4F7556}") = "Make3D.DAL", "Make3D.DAL\Make3D.DAL.csproj", "{5747536D-4505-42EE-93CF-4915F230D7DB}"
EndProject
Project("{2150E333-8FDC-42A3-9474-1A3956D46DE8}") = "[0] DB", "[0] DB", "{28751391-D35F-4FE7-8D83-3F5882043676}"
EndProject
Project("{2150E333-8FDC-42A3-9474-1A3956D46DE8}") = "[1] DAL", "[1] DAL", "{094B3CD6-91A9-4F9F-A150-672C7B08E4C1}"
EndProject
Project("{2150E333-8FDC-42A3-9474-1A3956D46DE8}") = "[99] Tools", "[99] Tools", "{2A111F95-DFBA-413D-8D9B-2482AFC62C7C}"
EndProject
Project("{FAE04EC0-301F-11D3-BF4B-00C04F79EFBC}") = "Tools", "Tools\Tools.csproj", "{603719DB-CAD4-4E6F-8B64-0DF4BF94A1FA}"
EndProject
Project("{2150E333-8FDC-42A3-9474-1A3956D46DE8}") = "[2] BLL", "[2] BLL", "{3F128E7F-A02A-4EE5-B9B6-E0252A084CDE}"
EndProject
Project("{FAE04EC0-301F-11D3-BF4B-00C04F79EFBC}") = "Make3D.BLL", "Make3D.BLL\Make3D.BLL.csproj", "{3C020860-C02C-43F0-B95F-CBF72D8B380A}"
EndProject
Project("{2150E333-8FDC-42A3-9474-1A3956D46DE8}") = "[3] API", "[3] API", "{C7791920-98FD-42D5-9ADB-F19E58042A8C}"
EndProject
Project("{FAE04EC0-301F-11D3-BF4B-00C04F79EFBC}") = "Make3D.API", "Make3D.API\Make3D.API.csproj", "{37E207D0-D719-48F4-886C-9E2970DC94C6}"
EndProject
Global
	GlobalSection(SolutionConfigurationPlatforms) = preSolution
		Debug|Any CPU = Debug|Any CPU
		Release|Any CPU = Release|Any CPU
	EndGlobalSection
	GlobalSection(ProjectConfigurationPlatforms) = postSolution
		{D7CDC0FD-694D-437A-93B7-FAC135705778}.Debug|Any CPU.ActiveCfg = Debug|Any CPU
		{D7CDC0FD-694D-437A-93B7-FAC135705778}.Debug|Any CPU.Build.0 = Debug|Any CPU
		{D7CDC0FD-694D-437A-93B7-FAC135705778}.Debug|Any CPU.Deploy.0 = Debug|Any CPU
		{D7CDC0FD-694D-437A-93B7-FAC135705778}.Release|Any CPU.ActiveCfg = Release|Any CPU
		{D7CDC0FD-694D-437A-93B7-FAC135705778}.Release|Any CPU.Build.0 = Release|Any CPU
		{D7CDC0FD-694D-437A-93B7-FAC135705778}.Release|Any CPU.Deploy.0 = Release|Any CPU
		{5747536D-4505-42EE-93CF-4915F230D7DB}.Debug|Any CPU.ActiveCfg = Debug|Any CPU
		{5747536D-4505-42EE-93CF-4915F230D7DB}.Debug|Any CPU.Build.0 = Debug|Any CPU
		{5747536D-4505-42EE-93CF-4915F230D7DB}.Release|Any CPU.ActiveCfg = Release|Any CPU
		{5747536D-4505-42EE-93CF-4915F230D7DB}.Release|Any CPU.Build.0 = Release|Any CPU
		{603719DB-CAD4-4E6F-8B64-0DF4BF94A1FA}.Debug|Any CPU.ActiveCfg = Debug|Any CPU
		{603719DB-CAD4-4E6F-8B64-0DF4BF94A1FA}.Debug|Any CPU.Build.0 = Debug|Any CPU
		{603719DB-CAD4-4E6F-8B64-0DF4BF94A1FA}.Release|Any CPU.ActiveCfg = Release|Any CPU
		{603719DB-CAD4-4E6F-8B64-0DF4BF94A1FA}.Release|Any CPU.Build.0 = Release|Any CPU
		{3C020860-C02C-43F0-B95F-CBF72D8B380A}.Debug|Any CPU.ActiveCfg = Debug|Any CPU
		{3C020860-C02C-43F0-B95F-CBF72D8B380A}.Debug|Any CPU.Build.0 = Debug|Any CPU
		{3C020860-C02C-43F0-B95F-CBF72D8B380A}.Release|Any CPU.ActiveCfg = Release|Any CPU
		{3C020860-C02C-43F0-B95F-CBF72D8B380A}.Release|Any CPU.Build.0 = Release|Any CPU
		{37E207D0-D719-48F4-886C-9E2970DC94C6}.Debug|Any CPU.ActiveCfg = Debug|Any CPU
		{37E207D0-D719-48F4-886C-9E2970DC94C6}.Debug|Any CPU.Build.0 = Debug|Any CPU
		{37E207D0-D719-48F4-886C-9E2970DC94C6}.Release|Any CPU.ActiveCfg = Release|Any CPU
		{37E207D0-D719-48F4-886C-9E2970DC94C6}.Release|Any CPU.Build.0 = Release|Any CPU
	EndGlobalSection
	GlobalSection(SolutionProperties) = preSolution
		HideSolutionNode = FALSE
	EndGlobalSection
	GlobalSection(NestedProjects) = preSolution
		{D7CDC0FD-694D-437A-93B7-FAC135705778} = {28751391-D35F-4FE7-8D83-3F5882043676}
		{5747536D-4505-42EE-93CF-4915F230D7DB} = {094B3CD6-91A9-4F9F-A150-672C7B08E4C1}
		{603719DB-CAD4-4E6F-8B64-0DF4BF94A1FA} = {2A111F95-DFBA-413D-8D9B-2482AFC62C7C}
		{3C020860-C02C-43F0-B95F-CBF72D8B380A} = {3F128E7F-A02A-4EE5-B9B6-E0252A084CDE}
		{37E207D0-D719-48F4-886C-9E2970DC94C6} = {C7791920-98FD-42D5-9ADB-F19E58042A8C}
	EndGlobalSection
	GlobalSection(ExtensibilityGlobals) = postSolution
		SolutionGuid = {EAB19047-46C1-436B-BFA0-CBFD20E41DFE}
	EndGlobalSection
EndGlobal
